
Microsoft Visual Studio Solution File, Format Version 12.00
# Visual Studio Version 17
VisualStudioVersion = 17.10.35122.118
MinimumVisualStudioVersion = 10.0.40219.1
Project("{FAE04EC0-301F-11D3-BF4B-00C04F79EFBC}") = "WebAPI_cafe", "WebAPI_cafe\WebAPI_cafe.csproj", "{298F9DCD-C9B7-45AA-B5F7-C7DFCC5C232A}"
EndProject
Global
	GlobalSection(SolutionConfigurationPlatforms) = preSolution
		Debug|Any CPU = Debug|Any CPU
		Release|Any CPU = Release|Any CPU
	EndGlobalSection
	GlobalSection(ProjectConfigurationPlatforms) = postSolution
		{298F9DCD-C9B7-45AA-B5F7-C7DFCC5C232A}.Debug|Any CPU.ActiveCfg = Debug|Any CPU
		{298F9DCD-C9B7-45AA-B5F7-C7DFCC5C232A}.Debug|Any CPU.Build.0 = Debug|Any CPU
		{298F9DCD-C9B7-45AA-B5F7-C7DFCC5C232A}.Release|Any CPU.ActiveCfg = Release|Any CPU
		{298F9DCD-C9B7-45AA-B5F7-C7DFCC5C232A}.Release|Any CPU.Build.0 = Release|Any CPU
	EndGlobalSection
	GlobalSection(SolutionProperties) = preSolution
		HideSolutionNode = FALSE
	EndGlobalSection
	GlobalSection(ExtensibilityGlobals) = postSolution
		SolutionGuid = {CCE7F90E-2EA3-470E-8618-87D96CC29BBE}
	EndGlobalSection
EndGlobal
